
Microsoft Visual Studio Solution File, Format Version 12.00
# Visual Studio Version 16
VisualStudioVersion = 16.0.30907.101
MinimumVisualStudioVersion = 10.0.40219.1
Project("{FAE04EC0-301F-11D3-BF4B-00C04F79EFBC}") = "UI_IB120117", "UI_IB120117\UI_IB120117.csproj", "{9E5B58B8-273C-46DC-A24A-C13380EC3B4B}"
EndProject
Project("{FAE04EC0-301F-11D3-BF4B-00C04F79EFBC}") = "API_IB120117", "API_IB120117\API_IB120117.csproj", "{E37C2266-622A-44C5-B142-DE17F3A434DA}"
EndProject
Project("{FAE04EC0-301F-11D3-BF4B-00C04F79EFBC}") = "Mobile_IB120117.Android", "Mobile_IB120117\Mobile_IB120117.Android\Mobile_IB120117.Android.csproj", "{CC540D1E-D0D8-4DF7-9C95-388F63DF04D9}"
EndProject
Project("{FAE04EC0-301F-11D3-BF4B-00C04F79EFBC}") = "Mobile_IB120117.iOS", "Mobile_IB120117\Mobile_IB120117.iOS\Mobile_IB120117.iOS.csproj", "{8CDE1109-D5D4-41C7-9C34-FE3DFE57CA1E}"
EndProject
Project("{FAE04EC0-301F-11D3-BF4B-00C04F79EFBC}") = "Mobile_IB120117.UWP", "Mobile_IB120117\Mobile_IB120117.UWP\Mobile_IB120117.UWP.csproj", "{E6FAD28F-198A-412B-BC88-45C503B8549B}"
EndProject
Project("{D954291E-2A0B-460D-934E-DC6B0785DB48}") = "Mobile_IB120117", "Mobile_IB120117\Mobile_IB120117\Mobile_IB120117.shproj", "{08CF7B54-DE24-4525-B2EE-74C89FE972FF}"
EndProject
Project("{FAE04EC0-301F-11D3-BF4B-00C04F79EFBC}") = "PCL_IB120117", "PCL_IB120117\PCL_IB120117.csproj", "{E1E96940-0723-4410-AE10-CC5D7907C210}"
EndProject
Global
	GlobalSection(SharedMSBuildProjectFiles) = preSolution
		Mobile_IB120117\Mobile_IB120117\Mobile_IB120117.projitems*{08cf7b54-de24-4525-b2ee-74c89fe972ff}*SharedItemsImports = 13
		Mobile_IB120117\Mobile_IB120117\Mobile_IB120117.projitems*{8cde1109-d5d4-41c7-9c34-fe3dfe57ca1e}*SharedItemsImports = 4
		Mobile_IB120117\Mobile_IB120117\Mobile_IB120117.projitems*{cc540d1e-d0d8-4df7-9c95-388f63df04d9}*SharedItemsImports = 4
		Mobile_IB120117\Mobile_IB120117\Mobile_IB120117.projitems*{e6fad28f-198a-412b-bc88-45c503b8549b}*SharedItemsImports = 4
	EndGlobalSection
	GlobalSection(SolutionConfigurationPlatforms) = preSolution
		Ad-Hoc|Any CPU = Ad-Hoc|Any CPU
		Ad-Hoc|ARM = Ad-Hoc|ARM
		Ad-Hoc|iPhone = Ad-Hoc|iPhone
		Ad-Hoc|iPhoneSimulator = Ad-Hoc|iPhoneSimulator
		Ad-Hoc|x64 = Ad-Hoc|x64
		Ad-Hoc|x86 = Ad-Hoc|x86
		AppStore|Any CPU = AppStore|Any CPU
		AppStore|ARM = AppStore|ARM
		AppStore|iPhone = AppStore|iPhone
		AppStore|iPhoneSimulator = AppStore|iPhoneSimulator
		AppStore|x64 = AppStore|x64
		AppStore|x86 = AppStore|x86
		Debug|Any CPU = Debug|Any CPU
		Debug|ARM = Debug|ARM
		Debug|iPhone = Debug|iPhone
		Debug|iPhoneSimulator = Debug|iPhoneSimulator
		Debug|x64 = Debug|x64
		Debug|x86 = Debug|x86
		Release|Any CPU = Release|Any CPU
		Release|ARM = Release|ARM
		Release|iPhone = Release|iPhone
		Release|iPhoneSimulator = Release|iPhoneSimulator
		Release|x64 = Release|x64
		Release|x86 = Release|x86
	EndGlobalSection
	GlobalSection(ProjectConfigurationPlatforms) = postSolution
		{9E5B58B8-273C-46DC-A24A-C13380EC3B4B}.Ad-Hoc|Any CPU.ActiveCfg = Release|Any CPU
		{9E5B58B8-273C-46DC-A24A-C13380EC3B4B}.Ad-Hoc|Any CPU.Build.0 = Release|Any CPU
		{9E5B58B8-273C-46DC-A24A-C13380EC3B4B}.Ad-Hoc|ARM.ActiveCfg = Release|Any CPU
		{9E5B58B8-273C-46DC-A24A-C13380EC3B4B}.Ad-Hoc|ARM.Build.0 = Release|Any CPU
		{9E5B58B8-273C-46DC-A24A-C13380EC3B4B}.Ad-Hoc|iPhone.ActiveCfg = Release|Any CPU
		{9E5B58B8-273C-46DC-A24A-C13380EC3B4B}.Ad-Hoc|iPhone.Build.0 = Release|Any CPU
		{9E5B58B8-273C-46DC-A24A-C13380EC3B4B}.Ad-Hoc|iPhoneSimulator.ActiveCfg = Release|Any CPU
		{9E5B58B8-273C-46DC-A24A-C13380EC3B4B}.Ad-Hoc|iPhoneSimulator.Build.0 = Release|Any CPU
		{9E5B58B8-273C-46DC-A24A-C13380EC3B4B}.Ad-Hoc|x64.ActiveCfg = Release|Any CPU
		{9E5B58B8-273C-46DC-A24A-C13380EC3B4B}.Ad-Hoc|x64.Build.0 = Release|Any CPU
		{9E5B58B8-273C-46DC-A24A-C13380EC3B4B}.Ad-Hoc|x86.ActiveCfg = Release|Any CPU
		{9E5B58B8-273C-46DC-A24A-C13380EC3B4B}.Ad-Hoc|x86.Build.0 = Release|Any CPU
		{9E5B58B8-273C-46DC-A24A-C13380EC3B4B}.AppStore|Any CPU.ActiveCfg = Release|Any CPU
		{9E5B58B8-273C-46DC-A24A-C13380EC3B4B}.AppStore|Any CPU.Build.0 = Release|Any CPU
		{9E5B58B8-273C-46DC-A24A-C13380EC3B4B}.AppStore|ARM.ActiveCfg = Release|Any CPU
		{9E5B58B8-273C-46DC-A24A-C13380EC3B4B}.AppStore|ARM.Build.0 = Release|Any CPU
		{9E5B58B8-273C-46DC-A24A-C13380EC3B4B}.AppStore|iPhone.ActiveCfg = Release|Any CPU
		{9E5B58B8-273C-46DC-A24A-C13380EC3B4B}.AppStore|iPhone.Build.0 = Release|Any CPU
		{9E5B58B8-273C-46DC-A24A-C13380EC3B4B}.AppStore|iPhoneSimulator.ActiveCfg = Release|Any CPU
		{9E5B58B8-273C-46DC-A24A-C13380EC3B4B}.AppStore|iPhoneSimulator.Build.0 = Release|Any CPU
		{9E5B58B8-273C-46DC-A24A-C13380EC3B4B}.AppStore|x64.ActiveCfg = Release|Any CPU
		{9E5B58B8-273C-46DC-A24A-C13380EC3B4B}.AppStore|x64.Build.0 = Release|Any CPU
		{9E5B58B8-273C-46DC-A24A-C13380EC3B4B}.AppStore|x86.ActiveCfg = Release|Any CPU
		{9E5B58B8-273C-46DC-A24A-C13380EC3B4B}.AppStore|x86.Build.0 = Release|Any CPU
		{9E5B58B8-273C-46DC-A24A-C13380EC3B4B}.Debug|Any CPU.ActiveCfg = Debug|Any CPU
		{9E5B58B8-273C-46DC-A24A-C13380EC3B4B}.Debug|Any CPU.Build.0 = Debug|Any CPU
		{9E5B58B8-273C-46DC-A24A-C13380EC3B4B}.Debug|ARM.ActiveCfg = Debug|Any CPU
		{9E5B58B8-273C-46DC-A24A-C13380EC3B4B}.Debug|ARM.Build.0 = Debug|Any CPU
		{9E5B58B8-273C-46DC-A24A-C13380EC3B4B}.Debug|iPhone.ActiveCfg = Debug|Any CPU
		{9E5B58B8-273C-46DC-A24A-C13380EC3B4B}.Debug|iPhone.Build.0 = Debug|Any CPU
		{9E5B58B8-273C-46DC-A24A-C13380EC3B4B}.Debug|iPhoneSimulator.ActiveCfg = Debug|Any CPU
		{9E5B58B8-273C-46DC-A24A-C13380EC3B4B}.Debug|iPhoneSimulator.Build.0 = Debug|Any CPU
		{9E5B58B8-273C-46DC-A24A-C13380EC3B4B}.Debug|x64.ActiveCfg = Debug|Any CPU
		{9E5B58B8-273C-46DC-A24A-C13380EC3B4B}.Debug|x64.Build.0 = Debug|Any CPU
		{9E5B58B8-273C-46DC-A24A-C13380EC3B4B}.Debug|x86.ActiveCfg = Debug|Any CPU
		{9E5B58B8-273C-46DC-A24A-C13380EC3B4B}.Debug|x86.Build.0 = Debug|Any CPU
		{9E5B58B8-273C-46DC-A24A-C13380EC3B4B}.Release|Any CPU.ActiveCfg = Release|Any CPU
		{9E5B58B8-273C-46DC-A24A-C13380EC3B4B}.Release|Any CPU.Build.0 = Release|Any CPU
		{9E5B58B8-273C-46DC-A24A-C13380EC3B4B}.Release|ARM.ActiveCfg = Release|Any CPU
		{9E5B58B8-273C-46DC-A24A-C13380EC3B4B}.Release|ARM.Build.0 = Release|Any CPU
		{9E5B58B8-273C-46DC-A24A-C13380EC3B4B}.Release|iPhone.ActiveCfg = Release|Any CPU
		{9E5B58B8-273C-46DC-A24A-C13380EC3B4B}.Release|iPhone.Build.0 = Release|Any CPU
		{9E5B58B8-273C-46DC-A24A-C13380EC3B4B}.Release|iPhoneSimulator.ActiveCfg = Release|Any CPU
		{9E5B58B8-273C-46DC-A24A-C13380EC3B4B}.Release|iPhoneSimulator.Build.0 = Release|Any CPU
		{9E5B58B8-273C-46DC-A24A-C13380EC3B4B}.Release|x64.ActiveCfg = Release|Any CPU
		{9E5B58B8-273C-46DC-A24A-C13380EC3B4B}.Release|x64.Build.0 = Release|Any CPU
		{9E5B58B8-273C-46DC-A24A-C13380EC3B4B}.Release|x86.ActiveCfg = Release|Any CPU
		{9E5B58B8-273C-46DC-A24A-C13380EC3B4B}.Release|x86.Build.0 = Release|Any CPU
		{E37C2266-622A-44C5-B142-DE17F3A434DA}.Ad-Hoc|Any CPU.ActiveCfg = Release|Any CPU
		{E37C2266-622A-44C5-B142-DE17F3A434DA}.Ad-Hoc|Any CPU.Build.0 = Release|Any CPU
		{E37C2266-622A-44C5-B142-DE17F3A434DA}.Ad-Hoc|ARM.ActiveCfg = Release|Any CPU
		{E37C2266-622A-44C5-B142-DE17F3A434DA}.Ad-Hoc|ARM.Build.0 = Release|Any CPU
		{E37C2266-622A-44C5-B142-DE17F3A434DA}.Ad-Hoc|iPhone.ActiveCfg = Release|Any CPU
		{E37C2266-622A-44C5-B142-DE17F3A434DA}.Ad-Hoc|iPhone.Build.0 = Release|Any CPU
		{E37C2266-622A-44C5-B142-DE17F3A434DA}.Ad-Hoc|iPhoneSimulator.ActiveCfg = Release|Any CPU
		{E37C2266-622A-44C5-B142-DE17F3A434DA}.Ad-Hoc|iPhoneSimulator.Build.0 = Release|Any CPU
		{E37C2266-622A-44C5-B142-DE17F3A434DA}.Ad-Hoc|x64.ActiveCfg = Release|Any CPU
		{E37C2266-622A-44C5-B142-DE17F3A434DA}.Ad-Hoc|x64.Build.0 = Release|Any CPU
		{E37C2266-622A-44C5-B142-DE17F3A434DA}.Ad-Hoc|x86.ActiveCfg = Release|Any CPU
		{E37C2266-622A-44C5-B142-DE17F3A434DA}.Ad-Hoc|x86.Build.0 = Release|Any CPU
		{E37C2266-622A-44C5-B142-DE17F3A434DA}.AppStore|Any CPU.ActiveCfg = Release|Any CPU
		{E37C2266-622A-44C5-B142-DE17F3A434DA}.AppStore|Any CPU.Build.0 = Release|Any CPU
		{E37C2266-622A-44C5-B142-DE17F3A434DA}.AppStore|ARM.ActiveCfg = Release|Any CPU
		{E37C2266-622A-44C5-B142-DE17F3A434DA}.AppStore|ARM.Build.0 = Release|Any CPU
		{E37C2266-622A-44C5-B142-DE17F3A434DA}.AppStore|iPhone.ActiveCfg = Release|Any CPU
		{E37C2266-622A-44C5-B142-DE17F3A434DA}.AppStore|iPhone.Build.0 = Release|Any CPU
		{E37C2266-622A-44C5-B142-DE17F3A434DA}.AppStore|iPhoneSimulator.ActiveCfg = Release|Any CPU
		{E37C2266-622A-44C5-B142-DE17F3A434DA}.AppStore|iPhoneSimulator.Build.0 = Release|Any CPU
		{E37C2266-622A-44C5-B142-DE17F3A434DA}.AppStore|x64.ActiveCfg = Release|Any CPU
		{E37C2266-622A-44C5-B142-DE17F3A434DA}.AppStore|x64.Build.0 = Release|Any CPU
		{E37C2266-622A-44C5-B142-DE17F3A434DA}.AppStore|x86.ActiveCfg = Release|Any CPU
		{E37C2266-622A-44C5-B142-DE17F3A434DA}.AppStore|x86.Build.0 = Release|Any CPU
		{E37C2266-622A-44C5-B142-DE17F3A434DA}.Debug|Any CPU.ActiveCfg = Debug|Any CPU
		{E37C2266-622A-44C5-B142-DE17F3A434DA}.Debug|Any CPU.Build.0 = Debug|Any CPU
		{E37C2266-622A-44C5-B142-DE17F3A434DA}.Debug|ARM.ActiveCfg = Debug|Any CPU
		{E37C2266-622A-44C5-B142-DE17F3A434DA}.Debug|ARM.Build.0 = Debug|Any CPU
		{E37C2266-622A-44C5-B142-DE17F3A434DA}.Debug|iPhone.ActiveCfg = Debug|Any CPU
		{E37C2266-622A-44C5-B142-DE17F3A434DA}.Debug|iPhone.Build.0 = Debug|Any CPU
		{E37C2266-622A-44C5-B142-DE17F3A434DA}.Debug|iPhoneSimulator.ActiveCfg = Debug|Any CPU
		{E37C2266-622A-44C5-B142-DE17F3A434DA}.Debug|iPhoneSimulator.Build.0 = Debug|Any CPU
		{E37C2266-622A-44C5-B142-DE17F3A434DA}.Debug|x64.ActiveCfg = Debug|Any CPU
		{E37C2266-622A-44C5-B142-DE17F3A434DA}.Debug|x64.Build.0 = Debug|Any CPU
		{E37C2266-622A-44C5-B142-DE17F3A434DA}.Debug|x86.ActiveCfg = Debug|Any CPU
		{E37C2266-622A-44C5-B142-DE17F3A434DA}.Debug|x86.Build.0 = Debug|Any CPU
		{E37C2266-622A-44C5-B142-DE17F3A434DA}.Release|Any CPU.ActiveCfg = Release|Any CPU
		{E37C2266-622A-44C5-B142-DE17F3A434DA}.Release|Any CPU.Build.0 = Release|Any CPU
		{E37C2266-622A-44C5-B142-DE17F3A434DA}.Release|ARM.ActiveCfg = Release|Any CPU
		{E37C2266-622A-44C5-B142-DE17F3A434DA}.Release|ARM.Build.0 = Release|Any CPU
		{E37C2266-622A-44C5-B142-DE17F3A434DA}.Release|iPhone.ActiveCfg = Release|Any CPU
		{E37C2266-622A-44C5-B142-DE17F3A434DA}.Release|iPhone.Build.0 = Release|Any CPU
		{E37C2266-622A-44C5-B142-DE17F3A434DA}.Release|iPhoneSimulator.ActiveCfg = Release|Any CPU
		{E37C2266-622A-44C5-B142-DE17F3A434DA}.Release|iPhoneSimulator.Build.0 = Release|Any CPU
		{E37C2266-622A-44C5-B142-DE17F3A434DA}.Release|x64.ActiveCfg = Release|Any CPU
		{E37C2266-622A-44C5-B142-DE17F3A434DA}.Release|x64.Build.0 = Release|Any CPU
		{E37C2266-622A-44C5-B142-DE17F3A434DA}.Release|x86.ActiveCfg = Release|Any CPU
		{E37C2266-622A-44C5-B142-DE17F3A434DA}.Release|x86.Build.0 = Release|Any CPU
		{CC540D1E-D0D8-4DF7-9C95-388F63DF04D9}.Ad-Hoc|Any CPU.ActiveCfg = Release|Any CPU
		{CC540D1E-D0D8-4DF7-9C95-388F63DF04D9}.Ad-Hoc|Any CPU.Build.0 = Release|Any CPU
		{CC540D1E-D0D8-4DF7-9C95-388F63DF04D9}.Ad-Hoc|Any CPU.Deploy.0 = Release|Any CPU
		{CC540D1E-D0D8-4DF7-9C95-388F63DF04D9}.Ad-Hoc|ARM.ActiveCfg = Release|Any CPU
		{CC540D1E-D0D8-4DF7-9C95-388F63DF04D9}.Ad-Hoc|ARM.Build.0 = Release|Any CPU
		{CC540D1E-D0D8-4DF7-9C95-388F63DF04D9}.Ad-Hoc|ARM.Deploy.0 = Release|Any CPU
		{CC540D1E-D0D8-4DF7-9C95-388F63DF04D9}.Ad-Hoc|iPhone.ActiveCfg = Release|Any CPU
		{CC540D1E-D0D8-4DF7-9C95-388F63DF04D9}.Ad-Hoc|iPhone.Build.0 = Release|Any CPU
		{CC540D1E-D0D8-4DF7-9C95-388F63DF04D9}.Ad-Hoc|iPhone.Deploy.0 = Release|Any CPU
		{CC540D1E-D0D8-4DF7-9C95-388F63DF04D9}.Ad-Hoc|iPhoneSimulator.ActiveCfg = Release|Any CPU
		{CC540D1E-D0D8-4DF7-9C95-388F63DF04D9}.Ad-Hoc|iPhoneSimulator.Build.0 = Release|Any CPU
		{CC540D1E-D0D8-4DF7-9C95-388F63DF04D9}.Ad-Hoc|iPhoneSimulator.Deploy.0 = Release|Any CPU
		{CC540D1E-D0D8-4DF7-9C95-388F63DF04D9}.Ad-Hoc|x64.ActiveCfg = Release|Any CPU
		{CC540D1E-D0D8-4DF7-9C95-388F63DF04D9}.Ad-Hoc|x64.Build.0 = Release|Any CPU
		{CC540D1E-D0D8-4DF7-9C95-388F63DF04D9}.Ad-Hoc|x64.Deploy.0 = Release|Any CPU
		{CC540D1E-D0D8-4DF7-9C95-388F63DF04D9}.Ad-Hoc|x86.ActiveCfg = Release|Any CPU
		{CC540D1E-D0D8-4DF7-9C95-388F63DF04D9}.Ad-Hoc|x86.Build.0 = Release|Any CPU
		{CC540D1E-D0D8-4DF7-9C95-388F63DF04D9}.Ad-Hoc|x86.Deploy.0 = Release|Any CPU
		{CC540D1E-D0D8-4DF7-9C95-388F63DF04D9}.AppStore|Any CPU.ActiveCfg = Release|Any CPU
		{CC540D1E-D0D8-4DF7-9C95-388F63DF04D9}.AppStore|Any CPU.Build.0 = Release|Any CPU
		{CC540D1E-D0D8-4DF7-9C95-388F63DF04D9}.AppStore|Any CPU.Deploy.0 = Release|Any CPU
		{CC540D1E-D0D8-4DF7-9C95-388F63DF04D9}.AppStore|ARM.ActiveCfg = Release|Any CPU
		{CC540D1E-D0D8-4DF7-9C95-388F63DF04D9}.AppStore|ARM.Build.0 = Release|Any CPU
		{CC540D1E-D0D8-4DF7-9C95-388F63DF04D9}.AppStore|ARM.Deploy.0 = Release|Any CPU
		{CC540D1E-D0D8-4DF7-9C95-388F63DF04D9}.AppStore|iPhone.ActiveCfg = Release|Any CPU
		{CC540D1E-D0D8-4DF7-9C95-388F63DF04D9}.AppStore|iPhone.Build.0 = Release|Any CPU
		{CC540D1E-D0D8-4DF7-9C95-388F63DF04D9}.AppStore|iPhone.Deploy.0 = Release|Any CPU
		{CC540D1E-D0D8-4DF7-9C95-388F63DF04D9}.AppStore|iPhoneSimulator.ActiveCfg = Release|Any CPU
		{CC540D1E-D0D8-4DF7-9C95-388F63DF04D9}.AppStore|iPhoneSimulator.Build.0 = Release|Any CPU
		{CC540D1E-D0D8-4DF7-9C95-388F63DF04D9}.AppStore|iPhoneSimulator.Deploy.0 = Release|Any CPU
		{CC540D1E-D0D8-4DF7-9C95-388F63DF04D9}.AppStore|x64.ActiveCfg = Release|Any CPU
		{CC540D1E-D0D8-4DF7-9C95-388F63DF04D9}.AppStore|x64.Build.0 = Release|Any CPU
		{CC540D1E-D0D8-4DF7-9C95-388F63DF04D9}.AppStore|x64.Deploy.0 = Release|Any CPU
		{CC540D1E-D0D8-4DF7-9C95-388F63DF04D9}.AppStore|x86.ActiveCfg = Release|Any CPU
		{CC540D1E-D0D8-4DF7-9C95-388F63DF04D9}.AppStore|x86.Build.0 = Release|Any CPU
		{CC540D1E-D0D8-4DF7-9C95-388F63DF04D9}.AppStore|x86.Deploy.0 = Release|Any CPU
		{CC540D1E-D0D8-4DF7-9C95-388F63DF04D9}.Debug|Any CPU.ActiveCfg = Debug|Any CPU
		{CC540D1E-D0D8-4DF7-9C95-388F63DF04D9}.Debug|Any CPU.Build.0 = Debug|Any CPU
		{CC540D1E-D0D8-4DF7-9C95-388F63DF04D9}.Debug|Any CPU.Deploy.0 = Debug|Any CPU
		{CC540D1E-D0D8-4DF7-9C95-388F63DF04D9}.Debug|ARM.ActiveCfg = Debug|Any CPU
		{CC540D1E-D0D8-4DF7-9C95-388F63DF04D9}.Debug|ARM.Build.0 = Debug|Any CPU
		{CC540D1E-D0D8-4DF7-9C95-388F63DF04D9}.Debug|ARM.Deploy.0 = Debug|Any CPU
		{CC540D1E-D0D8-4DF7-9C95-388F63DF04D9}.Debug|iPhone.ActiveCfg = Debug|Any CPU
		{CC540D1E-D0D8-4DF7-9C95-388F63DF04D9}.Debug|iPhone.Build.0 = Debug|Any CPU
		{CC540D1E-D0D8-4DF7-9C95-388F63DF04D9}.Debug|iPhone.Deploy.0 = Debug|Any CPU
		{CC540D1E-D0D8-4DF7-9C95-388F63DF04D9}.Debug|iPhoneSimulator.ActiveCfg = Debug|Any CPU
		{CC540D1E-D0D8-4DF7-9C95-388F63DF04D9}.Debug|iPhoneSimulator.Build.0 = Debug|Any CPU
		{CC540D1E-D0D8-4DF7-9C95-388F63DF04D9}.Debug|iPhoneSimulator.Deploy.0 = Debug|Any CPU
		{CC540D1E-D0D8-4DF7-9C95-388F63DF04D9}.Debug|x64.ActiveCfg = Debug|Any CPU
		{CC540D1E-D0D8-4DF7-9C95-388F63DF04D9}.Debug|x64.Build.0 = Debug|Any CPU
		{CC540D1E-D0D8-4DF7-9C95-388F63DF04D9}.Debug|x64.Deploy.0 = Debug|Any CPU
		{CC540D1E-D0D8-4DF7-9C95-388F63DF04D9}.Debug|x86.ActiveCfg = Debug|Any CPU
		{CC540D1E-D0D8-4DF7-9C95-388F63DF04D9}.Debug|x86.Build.0 = Debug|Any CPU
		{CC540D1E-D0D8-4DF7-9C95-388F63DF04D9}.Debug|x86.Deploy.0 = Debug|Any CPU
		{CC540D1E-D0D8-4DF7-9C95-388F63DF04D9}.Release|Any CPU.ActiveCfg = Release|Any CPU
		{CC540D1E-D0D8-4DF7-9C95-388F63DF04D9}.Release|Any CPU.Build.0 = Release|Any CPU
		{CC540D1E-D0D8-4DF7-9C95-388F63DF04D9}.Release|Any CPU.Deploy.0 = Release|Any CPU
		{CC540D1E-D0D8-4DF7-9C95-388F63DF04D9}.Release|ARM.ActiveCfg = Release|Any CPU
		{CC540D1E-D0D8-4DF7-9C95-388F63DF04D9}.Release|ARM.Build.0 = Release|Any CPU
		{CC540D1E-D0D8-4DF7-9C95-388F63DF04D9}.Release|ARM.Deploy.0 = Release|Any CPU
		{CC540D1E-D0D8-4DF7-9C95-388F63DF04D9}.Release|iPhone.ActiveCfg = Release|Any CPU
		{CC540D1E-D0D8-4DF7-9C95-388F63DF04D9}.Release|iPhone.Build.0 = Release|Any CPU
		{CC540D1E-D0D8-4DF7-9C95-388F63DF04D9}.Release|iPhone.Deploy.0 = Release|Any CPU
		{CC540D1E-D0D8-4DF7-9C95-388F63DF04D9}.Release|iPhoneSimulator.ActiveCfg = Release|Any CPU
		{CC540D1E-D0D8-4DF7-9C95-388F63DF04D9}.Release|iPhoneSimulator.Build.0 = Release|Any CPU
		{CC540D1E-D0D8-4DF7-9C95-388F63DF04D9}.Release|iPhoneSimulator.Deploy.0 = Release|Any CPU
		{CC540D1E-D0D8-4DF7-9C95-388F63DF04D9}.Release|x64.ActiveCfg = Release|Any CPU
		{CC540D1E-D0D8-4DF7-9C95-388F63DF04D9}.Release|x64.Build.0 = Release|Any CPU
		{CC540D1E-D0D8-4DF7-9C95-388F63DF04D9}.Release|x64.Deploy.0 = Release|Any CPU
		{CC540D1E-D0D8-4DF7-9C95-388F63DF04D9}.Release|x86.ActiveCfg = Release|Any CPU
		{CC540D1E-D0D8-4DF7-9C95-388F63DF04D9}.Release|x86.Build.0 = Release|Any CPU
		{CC540D1E-D0D8-4DF7-9C95-388F63DF04D9}.Release|x86.Deploy.0 = Release|Any CPU
		{8CDE1109-D5D4-41C7-9C34-FE3DFE57CA1E}.Ad-Hoc|Any CPU.ActiveCfg = Ad-Hoc|iPhone
		{8CDE1109-D5D4-41C7-9C34-FE3DFE57CA1E}.Ad-Hoc|ARM.ActiveCfg = Ad-Hoc|iPhone
		{8CDE1109-D5D4-41C7-9C34-FE3DFE57CA1E}.Ad-Hoc|iPhone.ActiveCfg = Ad-Hoc|iPhone
		{8CDE1109-D5D4-41C7-9C34-FE3DFE57CA1E}.Ad-Hoc|iPhone.Build.0 = Ad-Hoc|iPhone
		{8CDE1109-D5D4-41C7-9C34-FE3DFE57CA1E}.Ad-Hoc|iPhoneSimulator.ActiveCfg = Ad-Hoc|iPhoneSimulator
		{8CDE1109-D5D4-41C7-9C34-FE3DFE57CA1E}.Ad-Hoc|iPhoneSimulator.Build.0 = Ad-Hoc|iPhoneSimulator
		{8CDE1109-D5D4-41C7-9C34-FE3DFE57CA1E}.Ad-Hoc|x64.ActiveCfg = Ad-Hoc|iPhone
		{8CDE1109-D5D4-41C7-9C34-FE3DFE57CA1E}.Ad-Hoc|x86.ActiveCfg = Ad-Hoc|iPhone
		{8CDE1109-D5D4-41C7-9C34-FE3DFE57CA1E}.AppStore|Any CPU.ActiveCfg = AppStore|iPhone
		{8CDE1109-D5D4-41C7-9C34-FE3DFE57CA1E}.AppStore|ARM.ActiveCfg = AppStore|iPhone
		{8CDE1109-D5D4-41C7-9C34-FE3DFE57CA1E}.AppStore|iPhone.ActiveCfg = AppStore|iPhone
		{8CDE1109-D5D4-41C7-9C34-FE3DFE57CA1E}.AppStore|iPhone.Build.0 = AppStore|iPhone
		{8CDE1109-D5D4-41C7-9C34-FE3DFE57CA1E}.AppStore|iPhoneSimulator.ActiveCfg = AppStore|iPhoneSimulator
		{8CDE1109-D5D4-41C7-9C34-FE3DFE57CA1E}.AppStore|iPhoneSimulator.Build.0 = AppStore|iPhoneSimulator
		{8CDE1109-D5D4-41C7-9C34-FE3DFE57CA1E}.AppStore|x64.ActiveCfg = AppStore|iPhone
		{8CDE1109-D5D4-41C7-9C34-FE3DFE57CA1E}.AppStore|x86.ActiveCfg = AppStore|iPhone
		{8CDE1109-D5D4-41C7-9C34-FE3DFE57CA1E}.Debug|Any CPU.ActiveCfg = Debug|iPhone
		{8CDE1109-D5D4-41C7-9C34-FE3DFE57CA1E}.Debug|ARM.ActiveCfg = Debug|iPhone
		{8CDE1109-D5D4-41C7-9C34-FE3DFE57CA1E}.Debug|iPhone.ActiveCfg = Debug|iPhone
		{8CDE1109-D5D4-41C7-9C34-FE3DFE57CA1E}.Debug|iPhone.Build.0 = Debug|iPhone
		{8CDE1109-D5D4-41C7-9C34-FE3DFE57CA1E}.Debug|iPhoneSimulator.ActiveCfg = Debug|iPhoneSimulator
		{8CDE1109-D5D4-41C7-9C34-FE3DFE57CA1E}.Debug|iPhoneSimulator.Build.0 = Debug|iPhoneSimulator
		{8CDE1109-D5D4-41C7-9C34-FE3DFE57CA1E}.Debug|x64.ActiveCfg = Debug|iPhone
		{8CDE1109-D5D4-41C7-9C34-FE3DFE57CA1E}.Debug|x86.ActiveCfg = Debug|iPhone
		{8CDE1109-D5D4-41C7-9C34-FE3DFE57CA1E}.Release|Any CPU.ActiveCfg = Release|iPhone
		{8CDE1109-D5D4-41C7-9C34-FE3DFE57CA1E}.Release|ARM.ActiveCfg = Release|iPhone
		{8CDE1109-D5D4-41C7-9C34-FE3DFE57CA1E}.Release|iPhone.ActiveCfg = Release|iPhone
		{8CDE1109-D5D4-41C7-9C34-FE3DFE57CA1E}.Release|iPhone.Build.0 = Release|iPhone
		{8CDE1109-D5D4-41C7-9C34-FE3DFE57CA1E}.Release|iPhoneSimulator.ActiveCfg = Release|iPhoneSimulator
		{8CDE1109-D5D4-41C7-9C34-FE3DFE57CA1E}.Release|iPhoneSimulator.Build.0 = Release|iPhoneSimulator
		{8CDE1109-D5D4-41C7-9C34-FE3DFE57CA1E}.Release|x64.ActiveCfg = Release|iPhone
		{8CDE1109-D5D4-41C7-9C34-FE3DFE57CA1E}.Release|x86.ActiveCfg = Release|iPhone
		{E6FAD28F-198A-412B-BC88-45C503B8549B}.Ad-Hoc|Any CPU.ActiveCfg = Release|x86
		{E6FAD28F-198A-412B-BC88-45C503B8549B}.Ad-Hoc|Any CPU.Build.0 = Release|x86
		{E6FAD28F-198A-412B-BC88-45C503B8549B}.Ad-Hoc|Any CPU.Deploy.0 = Release|x86
		{E6FAD28F-198A-412B-BC88-45C503B8549B}.Ad-Hoc|ARM.ActiveCfg = Release|ARM
		{E6FAD28F-198A-412B-BC88-45C503B8549B}.Ad-Hoc|ARM.Build.0 = Release|ARM
		{E6FAD28F-198A-412B-BC88-45C503B8549B}.Ad-Hoc|ARM.Deploy.0 = Release|ARM
		{E6FAD28F-198A-412B-BC88-45C503B8549B}.Ad-Hoc|iPhone.ActiveCfg = Release|x86
		{E6FAD28F-198A-412B-BC88-45C503B8549B}.Ad-Hoc|iPhone.Build.0 = Release|x86
		{E6FAD28F-198A-412B-BC88-45C503B8549B}.Ad-Hoc|iPhone.Deploy.0 = Release|x86
		{E6FAD28F-198A-412B-BC88-45C503B8549B}.Ad-Hoc|iPhoneSimulator.ActiveCfg = Release|x86
		{E6FAD28F-198A-412B-BC88-45C503B8549B}.Ad-Hoc|iPhoneSimulator.Build.0 = Release|x86
		{E6FAD28F-198A-412B-BC88-45C503B8549B}.Ad-Hoc|iPhoneSimulator.Deploy.0 = Release|x86
		{E6FAD28F-198A-412B-BC88-45C503B8549B}.Ad-Hoc|x64.ActiveCfg = Release|x64
		{E6FAD28F-198A-412B-BC88-45C503B8549B}.Ad-Hoc|x64.Build.0 = Release|x64
		{E6FAD28F-198A-412B-BC88-45C503B8549B}.Ad-Hoc|x64.Deploy.0 = Release|x64
		{E6FAD28F-198A-412B-BC88-45C503B8549B}.Ad-Hoc|x86.ActiveCfg = Release|x86
		{E6FAD28F-198A-412B-BC88-45C503B8549B}.Ad-Hoc|x86.Build.0 = Release|x86
		{E6FAD28F-198A-412B-BC88-45C503B8549B}.Ad-Hoc|x86.Deploy.0 = Release|x86
		{E6FAD28F-198A-412B-BC88-45C503B8549B}.AppStore|Any CPU.ActiveCfg = Release|x86
		{E6FAD28F-198A-412B-BC88-45C503B8549B}.AppStore|Any CPU.Build.0 = Release|x86
		{E6FAD28F-198A-412B-BC88-45C503B8549B}.AppStore|Any CPU.Deploy.0 = Release|x86
		{E6FAD28F-198A-412B-BC88-45C503B8549B}.AppStore|ARM.ActiveCfg = Release|ARM
		{E6FAD28F-198A-412B-BC88-45C503B8549B}.AppStore|ARM.Build.0 = Release|ARM
		{E6FAD28F-198A-412B-BC88-45C503B8549B}.AppStore|ARM.Deploy.0 = Release|ARM
		{E6FAD28F-198A-412B-BC88-45C503B8549B}.AppStore|iPhone.ActiveCfg = Release|x86
		{E6FAD28F-198A-412B-BC88-45C503B8549B}.AppStore|iPhone.Build.0 = Release|x86
		{E6FAD28F-198A-412B-BC88-45C503B8549B}.AppStore|iPhone.Deploy.0 = Release|x86
		{E6FAD28F-198A-412B-BC88-45C503B8549B}.AppStore|iPhoneSimulator.ActiveCfg = Release|x86
		{E6FAD28F-198A-412B-BC88-45C503B8549B}.AppStore|iPhoneSimulator.Build.0 = Release|x86
		{E6FAD28F-198A-412B-BC88-45C503B8549B}.AppStore|iPhoneSimulator.Deploy.0 = Release|x86
		{E6FAD28F-198A-412B-BC88-45C503B8549B}.AppStore|x64.ActiveCfg = Release|x64
		{E6FAD28F-198A-412B-BC88-45C503B8549B}.AppStore|x64.Build.0 = Release|x64
		{E6FAD28F-198A-412B-BC88-45C503B8549B}.AppStore|x64.Deploy.0 = Release|x64
		{E6FAD28F-198A-412B-BC88-45C503B8549B}.AppStore|x86.ActiveCfg = Release|x86
		{E6FAD28F-198A-412B-BC88-45C503B8549B}.AppStore|x86.Build.0 = Release|x86
		{E6FAD28F-198A-412B-BC88-45C503B8549B}.AppStore|x86.Deploy.0 = Release|x86
		{E6FAD28F-198A-412B-BC88-45C503B8549B}.Debug|Any CPU.ActiveCfg = Debug|x86
		{E6FAD28F-198A-412B-BC88-45C503B8549B}.Debug|Any CPU.Build.0 = Debug|x86
		{E6FAD28F-198A-412B-BC88-45C503B8549B}.Debug|Any CPU.Deploy.0 = Debug|x86
		{E6FAD28F-198A-412B-BC88-45C503B8549B}.Debug|ARM.ActiveCfg = Debug|ARM
		{E6FAD28F-198A-412B-BC88-45C503B8549B}.Debug|ARM.Build.0 = Debug|ARM
		{E6FAD28F-198A-412B-BC88-45C503B8549B}.Debug|ARM.Deploy.0 = Debug|ARM
		{E6FAD28F-198A-412B-BC88-45C503B8549B}.Debug|iPhone.ActiveCfg = Debug|x86
		{E6FAD28F-198A-412B-BC88-45C503B8549B}.Debug|iPhoneSimulator.ActiveCfg = Debug|x86
		{E6FAD28F-198A-412B-BC88-45C503B8549B}.Debug|x64.ActiveCfg = Debug|x64
		{E6FAD28F-198A-412B-BC88-45C503B8549B}.Debug|x64.Build.0 = Debug|x64
		{E6FAD28F-198A-412B-BC88-45C503B8549B}.Debug|x64.Deploy.0 = Debug|x64
		{E6FAD28F-198A-412B-BC88-45C503B8549B}.Debug|x86.ActiveCfg = Debug|x86
		{E6FAD28F-198A-412B-BC88-45C503B8549B}.Debug|x86.Build.0 = Debug|x86
		{E6FAD28F-198A-412B-BC88-45C503B8549B}.Debug|x86.Deploy.0 = Debug|x86
		{E6FAD28F-198A-412B-BC88-45C503B8549B}.Release|Any CPU.ActiveCfg = Release|x86
		{E6FAD28F-198A-412B-BC88-45C503B8549B}.Release|ARM.ActiveCfg = Release|ARM
		{E6FAD28F-198A-412B-BC88-45C503B8549B}.Release|ARM.Build.0 = Release|ARM
		{E6FAD28F-198A-412B-BC88-45C503B8549B}.Release|ARM.Deploy.0 = Release|ARM
		{E6FAD28F-198A-412B-BC88-45C503B8549B}.Release|iPhone.ActiveCfg = Release|x86
		{E6FAD28F-198A-412B-BC88-45C503B8549B}.Release|iPhoneSimulator.ActiveCfg = Release|x86
		{E6FAD28F-198A-412B-BC88-45C503B8549B}.Release|x64.ActiveCfg = Release|x64
		{E6FAD28F-198A-412B-BC88-45C503B8549B}.Release|x64.Build.0 = Release|x64
		{E6FAD28F-198A-412B-BC88-45C503B8549B}.Release|x64.Deploy.0 = Release|x64
		{E6FAD28F-198A-412B-BC88-45C503B8549B}.Release|x86.ActiveCfg = Release|x86
		{E6FAD28F-198A-412B-BC88-45C503B8549B}.Release|x86.Build.0 = Release|x86
		{E6FAD28F-198A-412B-BC88-45C503B8549B}.Release|x86.Deploy.0 = Release|x86
		{E1E96940-0723-4410-AE10-CC5D7907C210}.Ad-Hoc|Any CPU.ActiveCfg = Release|Any CPU
		{E1E96940-0723-4410-AE10-CC5D7907C210}.Ad-Hoc|Any CPU.Build.0 = Release|Any CPU
		{E1E96940-0723-4410-AE10-CC5D7907C210}.Ad-Hoc|ARM.ActiveCfg = Release|Any CPU
		{E1E96940-0723-4410-AE10-CC5D7907C210}.Ad-Hoc|ARM.Build.0 = Release|Any CPU
		{E1E96940-0723-4410-AE10-CC5D7907C210}.Ad-Hoc|iPhone.ActiveCfg = Release|Any CPU
		{E1E96940-0723-4410-AE10-CC5D7907C210}.Ad-Hoc|iPhone.Build.0 = Release|Any CPU
		{E1E96940-0723-4410-AE10-CC5D7907C210}.Ad-Hoc|iPhoneSimulator.ActiveCfg = Release|Any CPU
		{E1E96940-0723-4410-AE10-CC5D7907C210}.Ad-Hoc|iPhoneSimulator.Build.0 = Release|Any CPU
		{E1E96940-0723-4410-AE10-CC5D7907C210}.Ad-Hoc|x64.ActiveCfg = Release|Any CPU
		{E1E96940-0723-4410-AE10-CC5D7907C210}.Ad-Hoc|x64.Build.0 = Release|Any CPU
		{E1E96940-0723-4410-AE10-CC5D7907C210}.Ad-Hoc|x86.ActiveCfg = Release|Any CPU
		{E1E96940-0723-4410-AE10-CC5D7907C210}.Ad-Hoc|x86.Build.0 = Release|Any CPU
		{E1E96940-0723-4410-AE10-CC5D7907C210}.AppStore|Any CPU.ActiveCfg = Release|Any CPU
		{E1E96940-0723-4410-AE10-CC5D7907C210}.AppStore|Any CPU.Build.0 = Release|Any CPU
		{E1E96940-0723-4410-AE10-CC5D7907C210}.AppStore|ARM.ActiveCfg = Release|Any CPU
		{E1E96940-0723-4410-AE10-CC5D7907C210}.AppStore|ARM.Build.0 = Release|Any CPU
		{E1E96940-0723-4410-AE10-CC5D7907C210}.AppStore|iPhone.ActiveCfg = Release|Any CPU
		{E1E96940-0723-4410-AE10-CC5D7907C210}.AppStore|iPhone.Build.0 = Release|Any CPU
		{E1E96940-0723-4410-AE10-CC5D7907C210}.AppStore|iPhoneSimulator.ActiveCfg = Release|Any CPU
		{E1E96940-0723-4410-AE10-CC5D7907C210}.AppStore|iPhoneSimulator.Build.0 = Release|Any CPU
		{E1E96940-0723-4410-AE10-CC5D7907C210}.AppStore|x64.ActiveCfg = Release|Any CPU
		{E1E96940-0723-4410-AE10-CC5D7907C210}.AppStore|x64.Build.0 = Release|Any CPU
		{E1E96940-0723-4410-AE10-CC5D7907C210}.AppStore|x86.ActiveCfg = Release|Any CPU
		{E1E96940-0723-4410-AE10-CC5D7907C210}.AppStore|x86.Build.0 = Release|Any CPU
		{E1E96940-0723-4410-AE10-CC5D7907C210}.Debug|Any CPU.ActiveCfg = Debug|Any CPU
		{E1E96940-0723-4410-AE10-CC5D7907C210}.Debug|Any CPU.Build.0 = Debug|Any CPU
		{E1E96940-0723-4410-AE10-CC5D7907C210}.Debug|ARM.ActiveCfg = Debug|Any CPU
		{E1E96940-0723-4410-AE10-CC5D7907C210}.Debug|ARM.Build.0 = Debug|Any CPU
		{E1E96940-0723-4410-AE10-CC5D7907C210}.Debug|iPhone.ActiveCfg = Debug|Any CPU
		{E1E96940-0723-4410-AE10-CC5D7907C210}.Debug|iPhone.Build.0 = Debug|Any CPU
		{E1E96940-0723-4410-AE10-CC5D7907C210}.Debug|iPhoneSimulator.ActiveCfg = Debug|Any CPU
		{E1E96940-0723-4410-AE10-CC5D7907C210}.Debug|iPhoneSimulator.Build.0 = Debug|Any CPU
		{E1E96940-0723-4410-AE10-CC5D7907C210}.Debug|x64.ActiveCfg = Debug|Any CPU
		{E1E96940-0723-4410-AE10-CC5D7907C210}.Debug|x64.Build.0 = Debug|Any CPU
		{E1E96940-0723-4410-AE10-CC5D7907C210}.Debug|x86.ActiveCfg = Debug|Any CPU
		{E1E96940-0723-4410-AE10-CC5D7907C210}.Debug|x86.Build.0 = Debug|Any CPU
		{E1E96940-0723-4410-AE10-CC5D7907C210}.Release|Any CPU.ActiveCfg = Release|Any CPU
		{E1E96940-0723-4410-AE10-CC5D7907C210}.Release|Any CPU.Build.0 = Release|Any CPU
		{E1E96940-0723-4410-AE10-CC5D7907C210}.Release|ARM.ActiveCfg = Release|Any CPU
		{E1E96940-0723-4410-AE10-CC5D7907C210}.Release|ARM.Build.0 = Release|Any CPU
		{E1E96940-0723-4410-AE10-CC5D7907C210}.Release|iPhone.ActiveCfg = Release|Any CPU
		{E1E96940-0723-4410-AE10-CC5D7907C210}.Release|iPhone.Build.0 = Release|Any CPU
		{E1E96940-0723-4410-AE10-CC5D7907C210}.Release|iPhoneSimulator.ActiveCfg = Release|Any CPU
		{E1E96940-0723-4410-AE10-CC5D7907C210}.Release|iPhoneSimulator.Build.0 = Release|Any CPU
		{E1E96940-0723-4410-AE10-CC5D7907C210}.Release|x64.ActiveCfg = Release|Any CPU
		{E1E96940-0723-4410-AE10-CC5D7907C210}.Release|x64.Build.0 = Release|Any CPU
		{E1E96940-0723-4410-AE10-CC5D7907C210}.Release|x86.ActiveCfg = Release|Any CPU
		{E1E96940-0723-4410-AE10-CC5D7907C210}.Release|x86.Build.0 = Release|Any CPU
	EndGlobalSection
	GlobalSection(SolutionProperties) = preSolution
		HideSolutionNode = FALSE
	EndGlobalSection
	GlobalSection(ExtensibilityGlobals) = postSolution
		SolutionGuid = {40047364-22EC-4FBE-B467-D10188C0856B}
	EndGlobalSection
EndGlobal
